# This file is automatically @generated by Cargo.
# It is not intended for manual editing.
version = 3

[[package]]
name = "a_thing"
version = "0.1.0"
source = "git+https://github.com/Lurk/a_thing.git#0a0ce23a53a723c4ce4cc9caa7c30c218da0a028"

[[package]]
name = "wordly"
version = "0.1.0"
dependencies = [
 "a_thing",
]
